
Microsoft Visual Studio Solution File, Format Version 12.00
# Visual Studio Version 16
VisualStudioVersion = 16.0.33027.164
MinimumVisualStudioVersion = 10.0.40219.1
Project("{FAE04EC0-301F-11D3-BF4B-00C04F79EFBC}") = "1", "1\1.csproj", "{D8BB7681-6DEE-4422-BFC1-2DC7223BE9AD}"
EndProject
Global
	GlobalSection(SolutionConfigurationPlatforms) = preSolution
		Debug|Any CPU = Debug|Any CPU
		Release|Any CPU = Release|Any CPU
	EndGlobalSection
	GlobalSection(ProjectConfigurationPlatforms) = postSolution
		{D8BB7681-6DEE-4422-BFC1-2DC7223BE9AD}.Debug|Any CPU.ActiveCfg = Debug|Any CPU
		{D8BB7681-6DEE-4422-BFC1-2DC7223BE9AD}.Debug|Any CPU.Build.0 = Debug|Any CPU
		{D8BB7681-6DEE-4422-BFC1-2DC7223BE9AD}.Release|Any CPU.ActiveCfg = Release|Any CPU
		{D8BB7681-6DEE-4422-BFC1-2DC7223BE9AD}.Release|Any CPU.Build.0 = Release|Any CPU
	EndGlobalSection
	GlobalSection(SolutionProperties) = preSolution
		HideSolutionNode = FALSE
	EndGlobalSection
	GlobalSection(ExtensibilityGlobals) = postSolution
		SolutionGuid = {E19E7454-9C5B-4FDB-B9E6-255803948204}
	EndGlobalSection
EndGlobal
